PODS:
  - Alamofire (4.9.1)
  - AlamofireActivityLogger (2.5.0):
    - Alamofire (~> 4.7)
  - Astaroth (0.5.0)
  - Iris-iOS (1.1.0):
    - Iris-iOS/Alamofire (= 1.1.0)
    - Iris-iOS/Core (= 1.1.0)
    - Iris-iOS/Logging (= 1.1.0)
  - Iris-iOS/Alamofire (1.1.0):
    - Alamofire (~> 4.9.0)
    - AlamofireActivityLogger (~> 2.5.0)
    - Iris-iOS/Core
  - Iris-iOS/Core (1.1.0):
    - PromiseKit (~> 6.15.0)
    - PromiseKit/Alamofire
  - Iris-iOS/Defaults (1.1.0):
    - Iris-iOS/Core
  - Iris-iOS/Logging (1.1.0):
    - Astaroth (~> 0.5.0)
    - Iris-iOS/Core
  - Nimble (9.2.0)
  - PromiseKit (6.15.3):
    - PromiseKit/CorePromise (= 6.15.3)
    - PromiseKit/Foundation (= 6.15.3)
    - PromiseKit/UIKit (= 6.15.3)
  - PromiseKit/Alamofire (6.15.3):
    - Alamofire (~> 4.0)
    - PromiseKit/CorePromise
  - PromiseKit/CorePromise (6.15.3)
  - PromiseKit/Foundation (6.15.3):
    - PromiseKit/CorePromise
  - PromiseKit/UIKit (6.15.3):
    - PromiseKit/CorePromise
  - Quick (4.0.0)
  - SwiftLint (0.43.1)

DEPENDENCIES:
  - Iris-iOS (from `../`)
  - Iris-iOS/Defaults (from `../`)
  - Nimble
  - Quick
  - SwiftLint

SPEC REPOS:
  https://github.com/CocoaPods/Specs:
    - Alamofire
    - AlamofireActivityLogger
    - Astaroth
    - Nimble
    - PromiseKit
    - Quick
    - SwiftLint

EXTERNAL SOURCES:
  Iris-iOS:
    :path: "../"

SPEC CHECKSUMS:
  Alamofire: 85e8a02c69d6020a0d734f6054870d7ecb75cf18
  AlamofireActivityLogger: 4dbb52cbd9a26590775df5d4d0284fa81f9b9b5b
  Astaroth: 5f57410934a28bb7d25350a4366680af13737d3d
  Iris-iOS: 3793faf9d9b170c4b42f7adfb638bb7ae3c5296d
  Nimble: 4f4a345c80b503b3ea13606a4f98405974ee4d0b
  PromiseKit: 3b2b6995e51a954c46dbc550ce3da44fbfb563c5
  Quick: 6473349e43b9271a8d43839d9ba1c442ed1b7ac4
  SwiftLint: 99f82d07b837b942dd563c668de129a03fc3fb52

PODFILE CHECKSUM: 97911943f641169f1d2b03e9f1f53b2a267380e5

COCOAPODS: 1.10.1
