PODS:
  - Alamofire (4.9.1)
  - AlamofireActivityLogger (2.5.0):
    - Alamofire (~> 4.7)
  - Astaroth (0.5.0)
  - Iris-iOS (1.2.0):
    - Iris-iOS/Alamofire (= 1.2.0)
    - Iris-iOS/Core (= 1.2.0)
    - Iris-iOS/Logging (= 1.2.0)
  - Iris-iOS/Alamofire (1.2.0):
    - Alamofire (~> 4.9.0)
    - AlamofireActivityLogger (~> 2.5.0)
    - Iris-iOS/Core
  - Iris-iOS/Core (1.2.0):
    - PromiseKit (~> 6.15.0)
    - PromiseKit/Alamofire
  - Iris-iOS/Defaults (1.2.0):
    - Iris-iOS/Core
  - Iris-iOS/Logging (1.2.0):
    - Astaroth (~> 0.5.0)
    - Iris-iOS/Core
  - Nimble (9.2.0)
  - PromiseKit (6.15.3):
    - PromiseKit/CorePromise (= 6.15.3)
    - PromiseKit/Foundation (= 6.15.3)
    - PromiseKit/UIKit (= 6.15.3)
  - PromiseKit/Alamofire (6.15.3):
    - Alamofire (~> 4.0)
    - PromiseKit/CorePromise
  - PromiseKit/CorePromise (6.15.3)
  - PromiseKit/Foundation (6.15.3):
    - PromiseKit/CorePromise
  - PromiseKit/UIKit (6.15.3):
    - PromiseKit/CorePromise
  - Quick (4.0.0)
  - SwiftLint (0.43.1)

DEPENDENCIES:
  - Iris-iOS (from `../`)
  - Iris-iOS/Defaults (from `../`)
  - Nimble (from `https://github.com/Quick/Nimble`, branch `main`)
  - Quick
  - SwiftLint

SPEC REPOS:
  https://github.com/CocoaPods/Specs:
    - Alamofire
    - AlamofireActivityLogger
    - Astaroth
    - PromiseKit
    - Quick
    - SwiftLint

EXTERNAL SOURCES:
  Iris-iOS:
    :path: "../"
  Nimble:
    :branch: main
    :git: https://github.com/Quick/Nimble

CHECKOUT OPTIONS:
  Nimble:
    :commit: 92dd63d2dbd9bf5ef733e83febc94f035004573e
    :git: https://github.com/Quick/Nimble

SPEC CHECKSUMS:
  Alamofire: 85e8a02c69d6020a0d734f6054870d7ecb75cf18
  AlamofireActivityLogger: 4dbb52cbd9a26590775df5d4d0284fa81f9b9b5b
  Astaroth: 5f57410934a28bb7d25350a4366680af13737d3d
  Iris-iOS: 349be4841ea94649d53127a58758228a6e74a6df
  Nimble: 4f4a345c80b503b3ea13606a4f98405974ee4d0b
  PromiseKit: 3b2b6995e51a954c46dbc550ce3da44fbfb563c5
  Quick: 6473349e43b9271a8d43839d9ba1c442ed1b7ac4
  SwiftLint: 99f82d07b837b942dd563c668de129a03fc3fb52

PODFILE CHECKSUM: a1ebeeaea89754cc655a55353a8fdff3c97597f1

COCOAPODS: 1.10.1
